
Microsoft Visual Studio Solution File, Format Version 12.00
# Visual Studio 15
VisualStudioVersion = 15.0.28010.2048
MinimumVisualStudioVersion = 10.0.40219.1
Project("{FAE04EC0-301F-11D3-BF4B-00C04F79EFBC}") = "KurumsalFramework.Core", "KurumsalFramework.Core\KurumsalFramework.Core.csproj", "{8612A2C4-ED04-49CD-AF0E-E9D4BC51221A}"
EndProject
Project("{FAE04EC0-301F-11D3-BF4B-00C04F79EFBC}") = "KurumsalFramework.DataAccess.Tests", "KurumsalFramework.DataAccess.Tests\KurumsalFramework.DataAccess.Tests.csproj", "{E8C4862C-4860-4230-B07E-5DED4529FD54}"
EndProject
Project("{FAE04EC0-301F-11D3-BF4B-00C04F79EFBC}") = "KurumsalFramework.Northwind.Business", "KurumsalFramework.Northwind.Business\KurumsalFramework.Northwind.Business.csproj", "{7C821C52-BB1B-4C80-9DBF-190A2536141E}"
EndProject
Project("{FAE04EC0-301F-11D3-BF4B-00C04F79EFBC}") = "KurumsalFramework.Northwind.Business.Tests", "KurumsalFramework.Northwind.Business.Tests\KurumsalFramework.Northwind.Business.Tests.csproj", "{60DA2CEC-AAFB-4D45-87F8-BE31240C1135}"
EndProject
Project("{FAE04EC0-301F-11D3-BF4B-00C04F79EFBC}") = "KurumsalFramework.Northwind.DataAccess", "KurumsalFramework.Northwind.DataAccess\KurumsalFramework.Northwind.DataAccess.csproj", "{AC0C1D39-D8B8-4D68-A4E3-D99A36AAED38}"
EndProject
Project("{FAE04EC0-301F-11D3-BF4B-00C04F79EFBC}") = "KurumsalFramework.Northwind.Entities", "KurumsalFramework.Northwind.Entities\KurumsalFramework.Northwind.Entities.csproj", "{8F67D38E-DDD7-4973-ABB3-F188E685F0FD}"
EndProject
Project("{FAE04EC0-301F-11D3-BF4B-00C04F79EFBC}") = "KurumsalFramework.Northwind.MvcWebUI", "KurumsalFramework.NorthwInd.MvcWebUI\KurumsalFramework.Northwind.MvcWebUI.csproj", "{8AA74D22-3E1C-48BF-8291-57FB56CB50C1}"
EndProject
Project("{FAE04EC0-301F-11D3-BF4B-00C04F79EFBC}") = "KurumsalFramework.Northwind.MvcWebUI.Tests", "KurumsalFramework.NorthwInd.MvcWebUI.Tests\KurumsalFramework.Northwind.MvcWebUI.Tests.csproj", "{04A2767B-B1A0-4718-AF89-CEF0F2F3D445}"
EndProject
Project("{E24C65DC-7377-472B-9ABA-BC803B73C61A}") = "KurumsalFramework.Northwind.WcfService", "KurumsalFramework.Northwind.WcfService\", "{124C0B1F-69DC-4F47-B221-3EFF889CFB2A}"
	ProjectSection(WebsiteProperties) = preProject
		TargetFrameworkMoniker = ".NETFramework,Version%3Dv4.6.1"
		Debug.AspNetCompiler.VirtualPath = "/localhost_59306"
		Debug.AspNetCompiler.PhysicalPath = "KurumsalFramework.Northwind.WcfService\"
		Debug.AspNetCompiler.TargetPath = "PrecompiledWeb\localhost_59306\"
		Debug.AspNetCompiler.Updateable = "true"
		Debug.AspNetCompiler.ForceOverwrite = "true"
		Debug.AspNetCompiler.FixedNames = "false"
		Debug.AspNetCompiler.Debug = "True"
		Release.AspNetCompiler.VirtualPath = "/localhost_59306"
		Release.AspNetCompiler.PhysicalPath = "KurumsalFramework.Northwind.WcfService\"
		Release.AspNetCompiler.TargetPath = "PrecompiledWeb\localhost_59306\"
		Release.AspNetCompiler.Updateable = "true"
		Release.AspNetCompiler.ForceOverwrite = "true"
		Release.AspNetCompiler.FixedNames = "false"
		Release.AspNetCompiler.Debug = "False"
		VWDPort = "59306"
		DefaultWebSiteLanguage = "Visual C#"
	EndProjectSection
EndProject
Project("{FAE04EC0-301F-11D3-BF4B-00C04F79EFBC}") = "KurumsalFramework.Northwind.WebApi", "KurumsalFramework.Northwind.WebApi\KurumsalFramework.Northwind.WebApi.csproj", "{A3655F6D-21F0-4EAB-BCF0-31932B3BFA9E}"
EndProject
Global
	GlobalSection(SolutionConfigurationPlatforms) = preSolution
		Debug|Any CPU = Debug|Any CPU
		Release|Any CPU = Release|Any CPU
	EndGlobalSection
	GlobalSection(ProjectConfigurationPlatforms) = postSolution
		{8612A2C4-ED04-49CD-AF0E-E9D4BC51221A}.Debug|Any CPU.ActiveCfg = Debug|Any CPU
		{8612A2C4-ED04-49CD-AF0E-E9D4BC51221A}.Debug|Any CPU.Build.0 = Debug|Any CPU
		{8612A2C4-ED04-49CD-AF0E-E9D4BC51221A}.Release|Any CPU.ActiveCfg = Release|Any CPU
		{8612A2C4-ED04-49CD-AF0E-E9D4BC51221A}.Release|Any CPU.Build.0 = Release|Any CPU
		{E8C4862C-4860-4230-B07E-5DED4529FD54}.Debug|Any CPU.ActiveCfg = Debug|Any CPU
		{E8C4862C-4860-4230-B07E-5DED4529FD54}.Debug|Any CPU.Build.0 = Debug|Any CPU
		{E8C4862C-4860-4230-B07E-5DED4529FD54}.Release|Any CPU.ActiveCfg = Release|Any CPU
		{E8C4862C-4860-4230-B07E-5DED4529FD54}.Release|Any CPU.Build.0 = Release|Any CPU
		{7C821C52-BB1B-4C80-9DBF-190A2536141E}.Debug|Any CPU.ActiveCfg = Debug|Any CPU
		{7C821C52-BB1B-4C80-9DBF-190A2536141E}.Debug|Any CPU.Build.0 = Debug|Any CPU
		{7C821C52-BB1B-4C80-9DBF-190A2536141E}.Release|Any CPU.ActiveCfg = Release|Any CPU
		{7C821C52-BB1B-4C80-9DBF-190A2536141E}.Release|Any CPU.Build.0 = Release|Any CPU
		{60DA2CEC-AAFB-4D45-87F8-BE31240C1135}.Debug|Any CPU.ActiveCfg = Debug|Any CPU
		{60DA2CEC-AAFB-4D45-87F8-BE31240C1135}.Debug|Any CPU.Build.0 = Debug|Any CPU
		{60DA2CEC-AAFB-4D45-87F8-BE31240C1135}.Release|Any CPU.ActiveCfg = Release|Any CPU
		{60DA2CEC-AAFB-4D45-87F8-BE31240C1135}.Release|Any CPU.Build.0 = Release|Any CPU
		{AC0C1D39-D8B8-4D68-A4E3-D99A36AAED38}.Debug|Any CPU.ActiveCfg = Debug|Any CPU
		{AC0C1D39-D8B8-4D68-A4E3-D99A36AAED38}.Debug|Any CPU.Build.0 = Debug|Any CPU
		{AC0C1D39-D8B8-4D68-A4E3-D99A36AAED38}.Release|Any CPU.ActiveCfg = Release|Any CPU
		{AC0C1D39-D8B8-4D68-A4E3-D99A36AAED38}.Release|Any CPU.Build.0 = Release|Any CPU
		{8F67D38E-DDD7-4973-ABB3-F188E685F0FD}.Debug|Any CPU.ActiveCfg = Debug|Any CPU
		{8F67D38E-DDD7-4973-ABB3-F188E685F0FD}.Debug|Any CPU.Build.0 = Debug|Any CPU
		{8F67D38E-DDD7-4973-ABB3-F188E685F0FD}.Release|Any CPU.ActiveCfg = Release|Any CPU
		{8F67D38E-DDD7-4973-ABB3-F188E685F0FD}.Release|Any CPU.Build.0 = Release|Any CPU
		{8AA74D22-3E1C-48BF-8291-57FB56CB50C1}.Debug|Any CPU.ActiveCfg = Debug|Any CPU
		{8AA74D22-3E1C-48BF-8291-57FB56CB50C1}.Debug|Any CPU.Build.0 = Debug|Any CPU
		{8AA74D22-3E1C-48BF-8291-57FB56CB50C1}.Release|Any CPU.ActiveCfg = Release|Any CPU
		{8AA74D22-3E1C-48BF-8291-57FB56CB50C1}.Release|Any CPU.Build.0 = Release|Any CPU
		{04A2767B-B1A0-4718-AF89-CEF0F2F3D445}.Debug|Any CPU.ActiveCfg = Debug|Any CPU
		{04A2767B-B1A0-4718-AF89-CEF0F2F3D445}.Debug|Any CPU.Build.0 = Debug|Any CPU
		{04A2767B-B1A0-4718-AF89-CEF0F2F3D445}.Release|Any CPU.ActiveCfg = Release|Any CPU
		{04A2767B-B1A0-4718-AF89-CEF0F2F3D445}.Release|Any CPU.Build.0 = Release|Any CPU
		{124C0B1F-69DC-4F47-B221-3EFF889CFB2A}.Debug|Any CPU.ActiveCfg = Debug|Any CPU
		{124C0B1F-69DC-4F47-B221-3EFF889CFB2A}.Debug|Any CPU.Build.0 = Debug|Any CPU
		{124C0B1F-69DC-4F47-B221-3EFF889CFB2A}.Release|Any CPU.ActiveCfg = Debug|Any CPU
		{124C0B1F-69DC-4F47-B221-3EFF889CFB2A}.Release|Any CPU.Build.0 = Debug|Any CPU
		{A3655F6D-21F0-4EAB-BCF0-31932B3BFA9E}.Debug|Any CPU.ActiveCfg = Debug|Any CPU
		{A3655F6D-21F0-4EAB-BCF0-31932B3BFA9E}.Debug|Any CPU.Build.0 = Debug|Any CPU
		{A3655F6D-21F0-4EAB-BCF0-31932B3BFA9E}.Release|Any CPU.ActiveCfg = Release|Any CPU
		{A3655F6D-21F0-4EAB-BCF0-31932B3BFA9E}.Release|Any CPU.Build.0 = Release|Any CPU
	EndGlobalSection
	GlobalSection(SolutionProperties) = preSolution
		HideSolutionNode = FALSE
	EndGlobalSection
	GlobalSection(ExtensibilityGlobals) = postSolution
		SolutionGuid = {2EA7565A-6FE2-46EF-B63A-D22DE82E155A}
	EndGlobalSection
EndGlobal
